
Microsoft Visual Studio Solution File, Format Version 12.00
# Visual Studio Version 16
VisualStudioVersion = 16.0.32228.343
MinimumVisualStudioVersion = 10.0.40219.1
Project("{FAE04EC0-301F-11D3-BF4B-00C04F79EFBC}") = "sda_csharp_exercises", "sda_csharp_exercises\sda_csharp_exercises.csproj", "{0D056E67-774C-4163-9C78-9D6570470980}"
EndProject
Global
	GlobalSection(SolutionConfigurationPlatforms) = preSolution
		Debug|Any CPU = Debug|Any CPU
		Release|Any CPU = Release|Any CPU
	EndGlobalSection
	GlobalSection(ProjectConfigurationPlatforms) = postSolution
		{0D056E67-774C-4163-9C78-9D6570470980}.Debug|Any CPU.ActiveCfg = Debug|Any CPU
		{0D056E67-774C-4163-9C78-9D6570470980}.Debug|Any CPU.Build.0 = Debug|Any CPU
		{0D056E67-774C-4163-9C78-9D6570470980}.Release|Any CPU.ActiveCfg = Release|Any CPU
		{0D056E67-774C-4163-9C78-9D6570470980}.Release|Any CPU.Build.0 = Release|Any CPU
	EndGlobalSection
	GlobalSection(SolutionProperties) = preSolution
		HideSolutionNode = FALSE
	EndGlobalSection
	GlobalSection(ExtensibilityGlobals) = postSolution
		SolutionGuid = {17556805-41FC-405E-846D-D6C90B7075C4}
	EndGlobalSection
EndGlobal
